
Microsoft Visual Studio Solution File, Format Version 12.00
# Visual Studio Version 16
VisualStudioVersion = 16.0.29230.47
MinimumVisualStudioVersion = 10.0.40219.1
Project("{FAE04EC0-301F-11D3-BF4B-00C04F79EFBC}") = "KMI", "KMI\KMI.csproj", "{68E35B6B-BC76-437A-B9D6-D6A497C18716}"
EndProject
Global
	GlobalSection(SolutionConfigurationPlatforms) = preSolution
		Debug|Any CPU = Debug|Any CPU
		Release|Any CPU = Release|Any CPU
	EndGlobalSection
	GlobalSection(ProjectConfigurationPlatforms) = postSolution
		{68E35B6B-BC76-437A-B9D6-D6A497C18716}.Debug|Any CPU.ActiveCfg = Debug|Any CPU
		{68E35B6B-BC76-437A-B9D6-D6A497C18716}.Debug|Any CPU.Build.0 = Debug|Any CPU
		{68E35B6B-BC76-437A-B9D6-D6A497C18716}.Release|Any CPU.ActiveCfg = Release|Any CPU
		{68E35B6B-BC76-437A-B9D6-D6A497C18716}.Release|Any CPU.Build.0 = Release|Any CPU
	EndGlobalSection
	GlobalSection(SolutionProperties) = preSolution
		HideSolutionNode = FALSE
	EndGlobalSection
	GlobalSection(ExtensibilityGlobals) = postSolution
		SolutionGuid = {8F512D65-B653-47E2-ACE3-CB2FFEE340A8}
	EndGlobalSection
EndGlobal
